
Microsoft Visual Studio Solution File, Format Version 12.00
# Visual Studio 15
VisualStudioVersion = 15.0.28307.539
MinimumVisualStudioVersion = 10.0.40219.1
Project("{FAE04EC0-301F-11D3-BF4B-00C04F79EFBC}") = "Sistema.Entidades", "Sistama.Entidades\Sistema.Entidades.csproj", "{0BB69A92-8898-4AC6-B7B7-D62F5B85AC1B}"
EndProject
Project("{FAE04EC0-301F-11D3-BF4B-00C04F79EFBC}") = "Sistema.Datos", "Sistema.Datos\Sistema.Datos.csproj", "{B1D2ABF9-93AF-4891-A944-CAF0F1EF99D6}"
EndProject
Project("{FAE04EC0-301F-11D3-BF4B-00C04F79EFBC}") = "Sistema.Web2", "Sistema.Web2\Sistema.Web2.csproj", "{47B889EF-68F7-4B32-9C59-A0B4532962F6}"
EndProject
Global
	GlobalSection(SolutionConfigurationPlatforms) = preSolution
		Debug|Any CPU = Debug|Any CPU
		Release|Any CPU = Release|Any CPU
	EndGlobalSection
	GlobalSection(ProjectConfigurationPlatforms) = postSolution
		{0BB69A92-8898-4AC6-B7B7-D62F5B85AC1B}.Debug|Any CPU.ActiveCfg = Debug|Any CPU
		{0BB69A92-8898-4AC6-B7B7-D62F5B85AC1B}.Debug|Any CPU.Build.0 = Debug|Any CPU
		{0BB69A92-8898-4AC6-B7B7-D62F5B85AC1B}.Release|Any CPU.ActiveCfg = Release|Any CPU
		{0BB69A92-8898-4AC6-B7B7-D62F5B85AC1B}.Release|Any CPU.Build.0 = Release|Any CPU
		{B1D2ABF9-93AF-4891-A944-CAF0F1EF99D6}.Debug|Any CPU.ActiveCfg = Debug|Any CPU
		{B1D2ABF9-93AF-4891-A944-CAF0F1EF99D6}.Debug|Any CPU.Build.0 = Debug|Any CPU
		{B1D2ABF9-93AF-4891-A944-CAF0F1EF99D6}.Release|Any CPU.ActiveCfg = Release|Any CPU
		{B1D2ABF9-93AF-4891-A944-CAF0F1EF99D6}.Release|Any CPU.Build.0 = Release|Any CPU
		{47B889EF-68F7-4B32-9C59-A0B4532962F6}.Debug|Any CPU.ActiveCfg = Debug|Any CPU
		{47B889EF-68F7-4B32-9C59-A0B4532962F6}.Debug|Any CPU.Build.0 = Debug|Any CPU
		{47B889EF-68F7-4B32-9C59-A0B4532962F6}.Release|Any CPU.ActiveCfg = Release|Any CPU
		{47B889EF-68F7-4B32-9C59-A0B4532962F6}.Release|Any CPU.Build.0 = Release|Any CPU
	EndGlobalSection
	GlobalSection(SolutionProperties) = preSolution
		HideSolutionNode = FALSE
	EndGlobalSection
	GlobalSection(ExtensibilityGlobals) = postSolution
		SolutionGuid = {55E42639-7D63-4DEB-926B-90A49174A177}
	EndGlobalSection
EndGlobal
